
Microsoft Visual Studio Solution File, Format Version 10.00
# Visual Studio 2008
Project("{FAE04EC0-301F-11D3-BF4B-00C04F79EFBC}") = "Nairc.KpwPortal.Website", "Nairc.KpwPortal.Website\Nairc.KpwPortal.Website.csproj", "{84AF882F-9A5E-47F2-B979-9A2ECB9332C5}"
EndProject
Project("{FAE04EC0-301F-11D3-BF4B-00C04F79EFBC}") = "Nairc.KpwPortal.BusinessObjects", "Nairc.KpwPortal.BusinessObjects\Nairc.KpwPortal.BusinessObjects.csproj", "{296AE37D-3287-457C-9389-7777BDC7AC88}"
EndProject
Global
	GlobalSection(SolutionConfigurationPlatforms) = preSolution
		Debug|Any CPU = Debug|Any CPU
		Release|Any CPU = Release|Any CPU
	EndGlobalSection
	GlobalSection(ProjectConfigurationPlatforms) = postSolution
		{84AF882F-9A5E-47F2-B979-9A2ECB9332C5}.Debug|Any CPU.ActiveCfg = Debug|Any CPU
		{84AF882F-9A5E-47F2-B979-9A2ECB9332C5}.Debug|Any CPU.Build.0 = Debug|Any CPU
		{84AF882F-9A5E-47F2-B979-9A2ECB9332C5}.Release|Any CPU.ActiveCfg = Release|Any CPU
		{84AF882F-9A5E-47F2-B979-9A2ECB9332C5}.Release|Any CPU.Build.0 = Release|Any CPU
		{296AE37D-3287-457C-9389-7777BDC7AC88}.Debug|Any CPU.ActiveCfg = Debug|Any CPU
		{296AE37D-3287-457C-9389-7777BDC7AC88}.Debug|Any CPU.Build.0 = Debug|Any CPU
		{296AE37D-3287-457C-9389-7777BDC7AC88}.Release|Any CPU.ActiveCfg = Release|Any CPU
		{296AE37D-3287-457C-9389-7777BDC7AC88}.Release|Any CPU.Build.0 = Release|Any CPU
	EndGlobalSection
	GlobalSection(SolutionProperties) = preSolution
		HideSolutionNode = FALSE
	EndGlobalSection
EndGlobal
