
Microsoft Visual Studio Solution File, Format Version 11.00
# Visual Studio 2010
Project("{FAE04EC0-301F-11D3-BF4B-00C04F79EFBC}") = "NewFeaturesCSharp4", "NewFeaturesCSharp4\NewFeaturesCSharp4.csproj", "{E8248546-05A7-428B-9DB9-9E62F415ADFE}"
EndProject
Project("{FAE04EC0-301F-11D3-BF4B-00C04F79EFBC}") = "OutlookAddInSample", "OutlookAddInSample\OutlookAddInSample.csproj", "{49DE0EC3-82CA-4958-9A29-F0B31EA49868}"
EndProject
Global
	GlobalSection(SolutionConfigurationPlatforms) = preSolution
		Debug|Any CPU = Debug|Any CPU
		Debug|Mixed Platforms = Debug|Mixed Platforms
		Debug|x86 = Debug|x86
		Release|Any CPU = Release|Any CPU
		Release|Mixed Platforms = Release|Mixed Platforms
		Release|x86 = Release|x86
	EndGlobalSection
	GlobalSection(ProjectConfigurationPlatforms) = postSolution
		{E8248546-05A7-428B-9DB9-9E62F415ADFE}.Debug|Any CPU.ActiveCfg = Debug|x86
		{E8248546-05A7-428B-9DB9-9E62F415ADFE}.Debug|Mixed Platforms.ActiveCfg = Debug|x86
		{E8248546-05A7-428B-9DB9-9E62F415ADFE}.Debug|Mixed Platforms.Build.0 = Debug|x86
		{E8248546-05A7-428B-9DB9-9E62F415ADFE}.Debug|x86.ActiveCfg = Debug|x86
		{E8248546-05A7-428B-9DB9-9E62F415ADFE}.Debug|x86.Build.0 = Debug|x86
		{E8248546-05A7-428B-9DB9-9E62F415ADFE}.Release|Any CPU.ActiveCfg = Release|x86
		{E8248546-05A7-428B-9DB9-9E62F415ADFE}.Release|Mixed Platforms.ActiveCfg = Release|x86
		{E8248546-05A7-428B-9DB9-9E62F415ADFE}.Release|Mixed Platforms.Build.0 = Release|x86
		{E8248546-05A7-428B-9DB9-9E62F415ADFE}.Release|x86.ActiveCfg = Release|x86
		{E8248546-05A7-428B-9DB9-9E62F415ADFE}.Release|x86.Build.0 = Release|x86
		{49DE0EC3-82CA-4958-9A29-F0B31EA49868}.Debug|Any CPU.ActiveCfg = Debug|Any CPU
		{49DE0EC3-82CA-4958-9A29-F0B31EA49868}.Debug|Any CPU.Build.0 = Debug|Any CPU
		{49DE0EC3-82CA-4958-9A29-F0B31EA49868}.Debug|Mixed Platforms.ActiveCfg = Debug|Any CPU
		{49DE0EC3-82CA-4958-9A29-F0B31EA49868}.Debug|Mixed Platforms.Build.0 = Debug|Any CPU
		{49DE0EC3-82CA-4958-9A29-F0B31EA49868}.Debug|x86.ActiveCfg = Debug|Any CPU
		{49DE0EC3-82CA-4958-9A29-F0B31EA49868}.Release|Any CPU.ActiveCfg = Release|Any CPU
		{49DE0EC3-82CA-4958-9A29-F0B31EA49868}.Release|Any CPU.Build.0 = Release|Any CPU
		{49DE0EC3-82CA-4958-9A29-F0B31EA49868}.Release|Mixed Platforms.ActiveCfg = Release|Any CPU
		{49DE0EC3-82CA-4958-9A29-F0B31EA49868}.Release|Mixed Platforms.Build.0 = Release|Any CPU
		{49DE0EC3-82CA-4958-9A29-F0B31EA49868}.Release|x86.ActiveCfg = Release|Any CPU
	EndGlobalSection
	GlobalSection(SolutionProperties) = preSolution
		HideSolutionNode = FALSE
	EndGlobalSection
EndGlobal
