
Microsoft Visual Studio Solution File, Format Version 10.00
# Visual Studio 2008
Project("{2150E333-8FDC-42A3-9474-1A3956D46DE8}") = "DevelopmentWebsite", "DevelopmentWebsite", "{8FB38720-1CE3-40FA-BEDD-34F0E31860CA}"
EndProject
Project("{2150E333-8FDC-42A3-9474-1A3956D46DE8}") = "DataLayer", "DataLayer", "{01180E4F-2850-42BD-B27B-03D8E2532565}"
EndProject
Project("{2150E333-8FDC-42A3-9474-1A3956D46DE8}") = "BusinessLayer", "BusinessLayer", "{666A15A8-AD29-4623-BFF8-1A193E5262A7}"
EndProject
Project("{2150E333-8FDC-42A3-9474-1A3956D46DE8}") = "Framework", "Framework", "{CBAC3572-6182-4994-BD99-AB5F014DB599}"
EndProject
Project("{FAE04EC0-301F-11D3-BF4B-00C04F79EFBC}") = "DevelopmentWebsite", "DevelopmentWebsite\DevelopmentWebsite.csproj", "{740DE2AC-68A8-49AB-B474-B959C84F1B35}"
	ProjectSection(ProjectDependencies) = postProject
		{D5358823-839C-4119-A3C8-299B5B29B3BF} = {D5358823-839C-4119-A3C8-299B5B29B3BF}
		{733D7632-A04D-41BC-B12A-2AFC36C34CA0} = {733D7632-A04D-41BC-B12A-2AFC36C34CA0}
		{716D9334-0BEA-4074-A727-7C046F5C087C} = {716D9334-0BEA-4074-A727-7C046F5C087C}
		{17528235-64B2-4A12-86A4-7E774F0EF1FD} = {17528235-64B2-4A12-86A4-7E774F0EF1FD}
		{FA0B0E44-4EE3-4EED-AD33-51AAE6435F9D} = {FA0B0E44-4EE3-4EED-AD33-51AAE6435F9D}
		{A4BBF36E-8481-4244-A768-21CCB12DB294} = {A4BBF36E-8481-4244-A768-21CCB12DB294}
		{AEA11790-E134-4543-8DB3-9A05364529DE} = {AEA11790-E134-4543-8DB3-9A05364529DE}
		{9921FA94-CA74-4EA2-BD8D-9F81D78C3C45} = {9921FA94-CA74-4EA2-BD8D-9F81D78C3C45}
	EndProjectSection
EndProject
Project("{FAE04EC0-301F-11D3-BF4B-00C04F79EFBC}") = "DesktopModules.Web", "DevelopmentWebsite\DesktopModules\DesktopModules.Web.csproj", "{A4BBF36E-8481-4244-A768-21CCB12DB294}"
EndProject
Project("{FAE04EC0-301F-11D3-BF4B-00C04F79EFBC}") = "MobileModules.Web", "DevelopmentWebsite\MobileModules\MobileModules.Web.csproj", "{716D9334-0BEA-4074-A727-7C046F5C087C}"
EndProject
Project("{FAE04EC0-301F-11D3-BF4B-00C04F79EFBC}") = "Admin.Web", "DevelopmentWebsite\Admin\Admin.Web.csproj", "{AEA11790-E134-4543-8DB3-9A05364529DE}"
EndProject
Project("{FAE04EC0-301F-11D3-BF4B-00C04F79EFBC}") = "Components", "Framework\Components\Components.csproj", "{BF896306-B90F-412A-89C9-C79121F3EE57}"
EndProject
Project("{FAE04EC0-301F-11D3-BF4B-00C04F79EFBC}") = "DataObjects", "DataLayer\DataObjects\DataObjects.csproj", "{9921FA94-CA74-4EA2-BD8D-9F81D78C3C45}"
EndProject
Project("{FAE04EC0-301F-11D3-BF4B-00C04F79EFBC}") = "Framework", "Framework\Framework\Framework.csproj", "{FA0B0E44-4EE3-4EED-AD33-51AAE6435F9D}"
EndProject
Project("{FAE04EC0-301F-11D3-BF4B-00C04F79EFBC}") = "BusinessObjects", "BusinessLayer\BusinessObjects\BusinessObjects.csproj", "{BE2DBC8C-8418-4DEA-AEFF-39AD63177A14}"
EndProject
Project("{FAE04EC0-301F-11D3-BF4B-00C04F79EFBC}") = "Facade", "BusinessLayer\Facade\Facade.csproj", "{733D7632-A04D-41BC-B12A-2AFC36C34CA0}"
EndProject
Project("{FAE04EC0-301F-11D3-BF4B-00C04F79EFBC}") = "FacadeUnitTests", "BusinessLayer\FacadeUnitTests\FacadeUnitTests.csproj", "{D5358823-839C-4119-A3C8-299B5B29B3BF}"
EndProject
Project("{FAE04EC0-301F-11D3-BF4B-00C04F79EFBC}") = "DataObjectsUnitTests", "DataLayer\DataObjectsUnitTests\DataObjectsUnitTests.csproj", "{17528235-64B2-4A12-86A4-7E774F0EF1FD}"
EndProject
Project("{FAE04EC0-301F-11D3-BF4B-00C04F79EFBC}") = "TelescopeControler", "TelescopeControler\TelescopeControler.csproj", "{2A464213-D801-4ED7-8AC7-8A61B4D26B25}"
EndProject
Project("{2150E333-8FDC-42A3-9474-1A3956D46DE8}") = "KpwFramework", "KpwFramework", "{7BA1698B-DA82-4573-AAD6-090296110241}"
EndProject
Project("{FAE04EC0-301F-11D3-BF4B-00C04F79EFBC}") = "KpwStandAlone", "KpwStandAlone\KpwStandAlone.csproj", "{3578AB6D-E6B5-4A3F-91AF-3951AA1670BC}"
EndProject
Project("{FAE04EC0-301F-11D3-BF4B-00C04F79EFBC}") = "HikClientDemo", "HikClientDemo\HikClientDemo.csproj", "{392B28C1-02C1-4124-A5F8-3CDD7A5A3E44}"
EndProject
Project("{FAE04EC0-301F-11D3-BF4B-00C04F79EFBC}") = "KpwDataAccess", "KpwDataAccess\KpwDataAccess.csproj", "{A236F3DB-A6EF-413E-ACCF-7B7AF3E66FEA}"
EndProject
Project("{2150E333-8FDC-42A3-9474-1A3956D46DE8}") = "YWXKWebsite", "YWXKWebsite", "{A2107925-9269-4DD6-A879-527A5061F458}"
EndProject
Project("{FAE04EC0-301F-11D3-BF4B-00C04F79EFBC}") = "KpwDataModel", "KpwDataModel\KpwDataModel.csproj", "{7F85FA36-0478-4EED-BEC4-2C9F23B674FC}"
EndProject
Project("{2150E333-8FDC-42A3-9474-1A3956D46DE8}") = "Database Script", "Database Script", "{C44FDC2B-ACBF-4427-BF88-697B764C54FE}"
	ProjectSection(SolutionItems) = preProject
		..\database\Kpw_CreateDB.sql = ..\database\Kpw_CreateDB.sql
		..\database\Portal_CreateDB.sql = ..\database\Portal_CreateDB.sql
		..\database\Portal_LoadData.sql = ..\database\Portal_LoadData.sql
	EndProjectSection
EndProject
Project("{FAE04EC0-301F-11D3-BF4B-00C04F79EFBC}") = "YWXKPortal", "YWXKWebsite\YWXKPortal.csproj", "{3DDFA0BA-DEF7-401F-A6F1-59100F4DEBAD}"
EndProject
Global
	GlobalSection(SolutionConfigurationPlatforms) = preSolution
		Debug|Any CPU = Debug|Any CPU
		Release|Any CPU = Release|Any CPU
	EndGlobalSection
	GlobalSection(ProjectConfigurationPlatforms) = postSolution
		{740DE2AC-68A8-49AB-B474-B959C84F1B35}.Debug|Any CPU.ActiveCfg = Debug|Any CPU
		{740DE2AC-68A8-49AB-B474-B959C84F1B35}.Debug|Any CPU.Build.0 = Debug|Any CPU
		{740DE2AC-68A8-49AB-B474-B959C84F1B35}.Release|Any CPU.ActiveCfg = Release|Any CPU
		{740DE2AC-68A8-49AB-B474-B959C84F1B35}.Release|Any CPU.Build.0 = Release|Any CPU
		{A4BBF36E-8481-4244-A768-21CCB12DB294}.Debug|Any CPU.ActiveCfg = Debug|Any CPU
		{A4BBF36E-8481-4244-A768-21CCB12DB294}.Debug|Any CPU.Build.0 = Debug|Any CPU
		{A4BBF36E-8481-4244-A768-21CCB12DB294}.Release|Any CPU.ActiveCfg = Release|Any CPU
		{A4BBF36E-8481-4244-A768-21CCB12DB294}.Release|Any CPU.Build.0 = Release|Any CPU
		{716D9334-0BEA-4074-A727-7C046F5C087C}.Debug|Any CPU.ActiveCfg = Debug|Any CPU
		{716D9334-0BEA-4074-A727-7C046F5C087C}.Debug|Any CPU.Build.0 = Debug|Any CPU
		{716D9334-0BEA-4074-A727-7C046F5C087C}.Release|Any CPU.ActiveCfg = Release|Any CPU
		{716D9334-0BEA-4074-A727-7C046F5C087C}.Release|Any CPU.Build.0 = Release|Any CPU
		{AEA11790-E134-4543-8DB3-9A05364529DE}.Debug|Any CPU.ActiveCfg = Debug|Any CPU
		{AEA11790-E134-4543-8DB3-9A05364529DE}.Debug|Any CPU.Build.0 = Debug|Any CPU
		{AEA11790-E134-4543-8DB3-9A05364529DE}.Release|Any CPU.ActiveCfg = Release|Any CPU
		{AEA11790-E134-4543-8DB3-9A05364529DE}.Release|Any CPU.Build.0 = Release|Any CPU
		{BF896306-B90F-412A-89C9-C79121F3EE57}.Debug|Any CPU.ActiveCfg = Debug|Any CPU
		{BF896306-B90F-412A-89C9-C79121F3EE57}.Debug|Any CPU.Build.0 = Debug|Any CPU
		{BF896306-B90F-412A-89C9-C79121F3EE57}.Release|Any CPU.ActiveCfg = Release|Any CPU
		{BF896306-B90F-412A-89C9-C79121F3EE57}.Release|Any CPU.Build.0 = Release|Any CPU
		{9921FA94-CA74-4EA2-BD8D-9F81D78C3C45}.Debug|Any CPU.ActiveCfg = Debug|Any CPU
		{9921FA94-CA74-4EA2-BD8D-9F81D78C3C45}.Debug|Any CPU.Build.0 = Debug|Any CPU
		{9921FA94-CA74-4EA2-BD8D-9F81D78C3C45}.Release|Any CPU.ActiveCfg = Release|Any CPU
		{9921FA94-CA74-4EA2-BD8D-9F81D78C3C45}.Release|Any CPU.Build.0 = Release|Any CPU
		{FA0B0E44-4EE3-4EED-AD33-51AAE6435F9D}.Debug|Any CPU.ActiveCfg = Debug|Any CPU
		{FA0B0E44-4EE3-4EED-AD33-51AAE6435F9D}.Debug|Any CPU.Build.0 = Debug|Any CPU
		{FA0B0E44-4EE3-4EED-AD33-51AAE6435F9D}.Release|Any CPU.ActiveCfg = Release|Any CPU
		{FA0B0E44-4EE3-4EED-AD33-51AAE6435F9D}.Release|Any CPU.Build.0 = Release|Any CPU
		{BE2DBC8C-8418-4DEA-AEFF-39AD63177A14}.Debug|Any CPU.ActiveCfg = Debug|Any CPU
		{BE2DBC8C-8418-4DEA-AEFF-39AD63177A14}.Debug|Any CPU.Build.0 = Debug|Any CPU
		{BE2DBC8C-8418-4DEA-AEFF-39AD63177A14}.Release|Any CPU.ActiveCfg = Release|Any CPU
		{BE2DBC8C-8418-4DEA-AEFF-39AD63177A14}.Release|Any CPU.Build.0 = Release|Any CPU
		{733D7632-A04D-41BC-B12A-2AFC36C34CA0}.Debug|Any CPU.ActiveCfg = Debug|Any CPU
		{733D7632-A04D-41BC-B12A-2AFC36C34CA0}.Debug|Any CPU.Build.0 = Debug|Any CPU
		{733D7632-A04D-41BC-B12A-2AFC36C34CA0}.Release|Any CPU.ActiveCfg = Release|Any CPU
		{733D7632-A04D-41BC-B12A-2AFC36C34CA0}.Release|Any CPU.Build.0 = Release|Any CPU
		{D5358823-839C-4119-A3C8-299B5B29B3BF}.Debug|Any CPU.ActiveCfg = Debug|Any CPU
		{D5358823-839C-4119-A3C8-299B5B29B3BF}.Debug|Any CPU.Build.0 = Debug|Any CPU
		{D5358823-839C-4119-A3C8-299B5B29B3BF}.Release|Any CPU.ActiveCfg = Release|Any CPU
		{D5358823-839C-4119-A3C8-299B5B29B3BF}.Release|Any CPU.Build.0 = Release|Any CPU
		{17528235-64B2-4A12-86A4-7E774F0EF1FD}.Debug|Any CPU.ActiveCfg = Debug|Any CPU
		{17528235-64B2-4A12-86A4-7E774F0EF1FD}.Debug|Any CPU.Build.0 = Debug|Any CPU
		{17528235-64B2-4A12-86A4-7E774F0EF1FD}.Release|Any CPU.ActiveCfg = Release|Any CPU
		{17528235-64B2-4A12-86A4-7E774F0EF1FD}.Release|Any CPU.Build.0 = Release|Any CPU
		{2A464213-D801-4ED7-8AC7-8A61B4D26B25}.Debug|Any CPU.ActiveCfg = Debug|Any CPU
		{2A464213-D801-4ED7-8AC7-8A61B4D26B25}.Debug|Any CPU.Build.0 = Debug|Any CPU
		{2A464213-D801-4ED7-8AC7-8A61B4D26B25}.Release|Any CPU.ActiveCfg = Release|Any CPU
		{2A464213-D801-4ED7-8AC7-8A61B4D26B25}.Release|Any CPU.Build.0 = Release|Any CPU
		{3578AB6D-E6B5-4A3F-91AF-3951AA1670BC}.Debug|Any CPU.ActiveCfg = Debug|Any CPU
		{3578AB6D-E6B5-4A3F-91AF-3951AA1670BC}.Debug|Any CPU.Build.0 = Debug|Any CPU
		{3578AB6D-E6B5-4A3F-91AF-3951AA1670BC}.Release|Any CPU.ActiveCfg = Release|Any CPU
		{3578AB6D-E6B5-4A3F-91AF-3951AA1670BC}.Release|Any CPU.Build.0 = Release|Any CPU
		{392B28C1-02C1-4124-A5F8-3CDD7A5A3E44}.Debug|Any CPU.ActiveCfg = Debug|Any CPU
		{392B28C1-02C1-4124-A5F8-3CDD7A5A3E44}.Debug|Any CPU.Build.0 = Debug|Any CPU
		{392B28C1-02C1-4124-A5F8-3CDD7A5A3E44}.Release|Any CPU.ActiveCfg = Release|Any CPU
		{392B28C1-02C1-4124-A5F8-3CDD7A5A3E44}.Release|Any CPU.Build.0 = Release|Any CPU
		{A236F3DB-A6EF-413E-ACCF-7B7AF3E66FEA}.Debug|Any CPU.ActiveCfg = Debug|Any CPU
		{A236F3DB-A6EF-413E-ACCF-7B7AF3E66FEA}.Debug|Any CPU.Build.0 = Debug|Any CPU
		{A236F3DB-A6EF-413E-ACCF-7B7AF3E66FEA}.Release|Any CPU.ActiveCfg = Release|Any CPU
		{A236F3DB-A6EF-413E-ACCF-7B7AF3E66FEA}.Release|Any CPU.Build.0 = Release|Any CPU
		{7F85FA36-0478-4EED-BEC4-2C9F23B674FC}.Debug|Any CPU.ActiveCfg = Debug|Any CPU
		{7F85FA36-0478-4EED-BEC4-2C9F23B674FC}.Debug|Any CPU.Build.0 = Debug|Any CPU
		{7F85FA36-0478-4EED-BEC4-2C9F23B674FC}.Release|Any CPU.ActiveCfg = Release|Any CPU
		{7F85FA36-0478-4EED-BEC4-2C9F23B674FC}.Release|Any CPU.Build.0 = Release|Any CPU
		{3DDFA0BA-DEF7-401F-A6F1-59100F4DEBAD}.Debug|Any CPU.ActiveCfg = Debug|Any CPU
		{3DDFA0BA-DEF7-401F-A6F1-59100F4DEBAD}.Debug|Any CPU.Build.0 = Debug|Any CPU
		{3DDFA0BA-DEF7-401F-A6F1-59100F4DEBAD}.Release|Any CPU.ActiveCfg = Release|Any CPU
		{3DDFA0BA-DEF7-401F-A6F1-59100F4DEBAD}.Release|Any CPU.Build.0 = Release|Any CPU
	EndGlobalSection
	GlobalSection(SolutionProperties) = preSolution
		HideSolutionNode = FALSE
	EndGlobalSection
	GlobalSection(NestedProjects) = preSolution
		{740DE2AC-68A8-49AB-B474-B959C84F1B35} = {8FB38720-1CE3-40FA-BEDD-34F0E31860CA}
		{A4BBF36E-8481-4244-A768-21CCB12DB294} = {8FB38720-1CE3-40FA-BEDD-34F0E31860CA}
		{716D9334-0BEA-4074-A727-7C046F5C087C} = {8FB38720-1CE3-40FA-BEDD-34F0E31860CA}
		{AEA11790-E134-4543-8DB3-9A05364529DE} = {8FB38720-1CE3-40FA-BEDD-34F0E31860CA}
		{9921FA94-CA74-4EA2-BD8D-9F81D78C3C45} = {01180E4F-2850-42BD-B27B-03D8E2532565}
		{17528235-64B2-4A12-86A4-7E774F0EF1FD} = {01180E4F-2850-42BD-B27B-03D8E2532565}
		{BE2DBC8C-8418-4DEA-AEFF-39AD63177A14} = {666A15A8-AD29-4623-BFF8-1A193E5262A7}
		{733D7632-A04D-41BC-B12A-2AFC36C34CA0} = {666A15A8-AD29-4623-BFF8-1A193E5262A7}
		{D5358823-839C-4119-A3C8-299B5B29B3BF} = {666A15A8-AD29-4623-BFF8-1A193E5262A7}
		{BF896306-B90F-412A-89C9-C79121F3EE57} = {CBAC3572-6182-4994-BD99-AB5F014DB599}
		{FA0B0E44-4EE3-4EED-AD33-51AAE6435F9D} = {CBAC3572-6182-4994-BD99-AB5F014DB599}
		{2A464213-D801-4ED7-8AC7-8A61B4D26B25} = {7BA1698B-DA82-4573-AAD6-090296110241}
		{3578AB6D-E6B5-4A3F-91AF-3951AA1670BC} = {7BA1698B-DA82-4573-AAD6-090296110241}
		{392B28C1-02C1-4124-A5F8-3CDD7A5A3E44} = {7BA1698B-DA82-4573-AAD6-090296110241}
		{A236F3DB-A6EF-413E-ACCF-7B7AF3E66FEA} = {7BA1698B-DA82-4573-AAD6-090296110241}
		{7F85FA36-0478-4EED-BEC4-2C9F23B674FC} = {7BA1698B-DA82-4573-AAD6-090296110241}
		{3DDFA0BA-DEF7-401F-A6F1-59100F4DEBAD} = {A2107925-9269-4DD6-A879-527A5061F458}
	EndGlobalSection
	GlobalSection(ExtensibilityGlobals) = postSolution
		RootNamespace = ASPNET.StarterKit.Portal
		IsWCSFSolutionWAP = True
		IsWCSFSolution = True
	EndGlobalSection
EndGlobal
