
Microsoft Visual Studio Solution File, Format Version 10.00
# Visual Studio 2008
Project("{FAE04EC0-301F-11D3-BF4B-00C04F79EFBC}") = "Nairc.BugTrackingSystem.Web", "Nairc.BugTrackingSystem\Nairc.BugTrackingSystem.Web.csproj", "{CE971FA7-F2D3-475E-97D0-587D49FDE0DD}"
EndProject
Global
	GlobalSection(SolutionConfigurationPlatforms) = preSolution
		Debug|Any CPU = Debug|Any CPU
		Release|Any CPU = Release|Any CPU
	EndGlobalSection
	GlobalSection(ProjectConfigurationPlatforms) = postSolution
		{CE971FA7-F2D3-475E-97D0-587D49FDE0DD}.Debug|Any CPU.ActiveCfg = Debug|Any CPU
		{CE971FA7-F2D3-475E-97D0-587D49FDE0DD}.Debug|Any CPU.Build.0 = Debug|Any CPU
		{CE971FA7-F2D3-475E-97D0-587D49FDE0DD}.Release|Any CPU.ActiveCfg = Release|Any CPU
		{CE971FA7-F2D3-475E-97D0-587D49FDE0DD}.Release|Any CPU.Build.0 = Release|Any CPU
	EndGlobalSection
	GlobalSection(SolutionProperties) = preSolution
		HideSolutionNode = FALSE
	EndGlobalSection
EndGlobal
